
Microsoft Visual Studio Solution File, Format Version 12.00
# Visual Studio Version 17
VisualStudioVersion = 17.1.32414.318
MinimumVisualStudioVersion = 10.0.40219.1
Project("{2150E333-8FDC-42A3-9474-1A3956D46DE8}") = "src", "src", "{3D10A2DB-E588-486A-8FFD-DB099E894784}"
EndProject
Project("{2150E333-8FDC-42A3-9474-1A3956D46DE8}") = "Api", "Api", "{AED55572-D511-4AA6-BF32-EDB99896605D}"
EndProject
Project("{2150E333-8FDC-42A3-9474-1A3956D46DE8}") = "Client", "Client", "{26C5D9F4-11DF-4C9D-B05E-460F1E1A4BD7}"
EndProject
Project("{2150E333-8FDC-42A3-9474-1A3956D46DE8}") = "Common", "Common", "{31A85A98-AE77-4C76-8361-7F1310AC18AD}"
EndProject
Project("{2150E333-8FDC-42A3-9474-1A3956D46DE8}") = "Projections", "Projections", "{D598373B-8D22-434C-90EF-05DB2C4EAA0B}"
EndProject
Project("{2150E333-8FDC-42A3-9474-1A3956D46DE8}") = "Core", "Core", "{90ED5A10-8B37-4EFE-96D3-26ED797FE064}"
EndProject
Project("{2150E333-8FDC-42A3-9474-1A3956D46DE8}") = "Infrastructure", "Infrastructure", "{A9E0354F-10DD-4F65-AA5D-93A4B2AE09CB}"
EndProject
Project("{2150E333-8FDC-42A3-9474-1A3956D46DE8}") = "WebApi", "WebApi", "{742C1322-FEAD-4482-907A-3A43665B28BC}"
EndProject
Project("{2150E333-8FDC-42A3-9474-1A3956D46DE8}") = "BlazorWeb", "BlazorWeb", "{4A1830A5-B3DC-4A62-BC6B-D65EA192305F}"
EndProject
Project("{FAE04EC0-301F-11D3-BF4B-00C04F79EFBC}") = "Sozluk.Projections.UserService", "src\Projections\Sozluk.Projections.UserService\Sozluk.Projections.UserService.csproj", "{3F4F5C2F-D4A0-4D6E-9F71-E5425040F65D}"
EndProject
Project("{FAE04EC0-301F-11D3-BF4B-00C04F79EFBC}") = "Sozluk.Projections.FavoriteService", "src\Projections\Sozluk.Projections.FavoriteService\Sozluk.Projections.FavoriteService.csproj", "{B33FD298-6FC8-4A80-A325-86BC1D3D9D9D}"
EndProject
Project("{FAE04EC0-301F-11D3-BF4B-00C04F79EFBC}") = "Sozluk.Projections.VoteService", "src\Projections\Sozluk.Projections.VoteService\Sozluk.Projections.VoteService.csproj", "{32EEB6DD-1514-4DE2-81EB-C24B19A88611}"
EndProject
Project("{FAE04EC0-301F-11D3-BF4B-00C04F79EFBC}") = "Sozluk.Common", "src\Common\Sozluk.Common\Sozluk.Common.csproj", "{DCDB9F8C-3887-4103-8129-5330712B9AF7}"
EndProject
Project("{FAE04EC0-301F-11D3-BF4B-00C04F79EFBC}") = "Sozluk.WebApp", "src\Client\BlazorWeb\Sozluk.WebApp\Sozluk.WebApp.csproj", "{EAFC732D-BCC1-4EBC-AB0D-0EBCD1315F24}"
EndProject
Project("{FAE04EC0-301F-11D3-BF4B-00C04F79EFBC}") = "Sozluk.Api.Domain", "src\Api\Core\Sozluk.Api.Domain\Sozluk.Api.Domain.csproj", "{A65C5456-7057-4BCD-B050-79E8478E1C88}"
EndProject
Project("{FAE04EC0-301F-11D3-BF4B-00C04F79EFBC}") = "Sozluk.Api.Application", "src\Api\Core\Sozluk.Api.Application\Sozluk.Api.Application.csproj", "{9D990346-DB03-4CBA-ACFF-9EFF3E493ECF}"
EndProject
Project("{FAE04EC0-301F-11D3-BF4B-00C04F79EFBC}") = "Sozluk.Api.Infrastructure.Persistence", "src\Api\Infrastructure\Sozluk.Api.Infrastructure.Persistence\Sozluk.Api.Infrastructure.Persistence.csproj", "{8E24EE36-9F0B-4380-BE8D-AF8456D57A01}"
EndProject
Project("{FAE04EC0-301F-11D3-BF4B-00C04F79EFBC}") = "Sozluk.WebApi", "src\Api\WebApi\Sozluk.WebApi\Sozluk.WebApi.csproj", "{683088D7-6402-4A11-A6BF-01D2D5A56C9B}"
EndProject
Global
	GlobalSection(SolutionConfigurationPlatforms) = preSolution
		Debug|Any CPU = Debug|Any CPU
		Release|Any CPU = Release|Any CPU
	EndGlobalSection
	GlobalSection(ProjectConfigurationPlatforms) = postSolution
		{3F4F5C2F-D4A0-4D6E-9F71-E5425040F65D}.Debug|Any CPU.ActiveCfg = Debug|Any CPU
		{3F4F5C2F-D4A0-4D6E-9F71-E5425040F65D}.Debug|Any CPU.Build.0 = Debug|Any CPU
		{3F4F5C2F-D4A0-4D6E-9F71-E5425040F65D}.Release|Any CPU.ActiveCfg = Release|Any CPU
		{3F4F5C2F-D4A0-4D6E-9F71-E5425040F65D}.Release|Any CPU.Build.0 = Release|Any CPU
		{B33FD298-6FC8-4A80-A325-86BC1D3D9D9D}.Debug|Any CPU.ActiveCfg = Debug|Any CPU
		{B33FD298-6FC8-4A80-A325-86BC1D3D9D9D}.Debug|Any CPU.Build.0 = Debug|Any CPU
		{B33FD298-6FC8-4A80-A325-86BC1D3D9D9D}.Release|Any CPU.ActiveCfg = Release|Any CPU
		{B33FD298-6FC8-4A80-A325-86BC1D3D9D9D}.Release|Any CPU.Build.0 = Release|Any CPU
		{32EEB6DD-1514-4DE2-81EB-C24B19A88611}.Debug|Any CPU.ActiveCfg = Debug|Any CPU
		{32EEB6DD-1514-4DE2-81EB-C24B19A88611}.Debug|Any CPU.Build.0 = Debug|Any CPU
		{32EEB6DD-1514-4DE2-81EB-C24B19A88611}.Release|Any CPU.ActiveCfg = Release|Any CPU
		{32EEB6DD-1514-4DE2-81EB-C24B19A88611}.Release|Any CPU.Build.0 = Release|Any CPU
		{DCDB9F8C-3887-4103-8129-5330712B9AF7}.Debug|Any CPU.ActiveCfg = Debug|Any CPU
		{DCDB9F8C-3887-4103-8129-5330712B9AF7}.Debug|Any CPU.Build.0 = Debug|Any CPU
		{DCDB9F8C-3887-4103-8129-5330712B9AF7}.Release|Any CPU.ActiveCfg = Release|Any CPU
		{DCDB9F8C-3887-4103-8129-5330712B9AF7}.Release|Any CPU.Build.0 = Release|Any CPU
		{EAFC732D-BCC1-4EBC-AB0D-0EBCD1315F24}.Debug|Any CPU.ActiveCfg = Debug|Any CPU
		{EAFC732D-BCC1-4EBC-AB0D-0EBCD1315F24}.Debug|Any CPU.Build.0 = Debug|Any CPU
		{EAFC732D-BCC1-4EBC-AB0D-0EBCD1315F24}.Release|Any CPU.ActiveCfg = Release|Any CPU
		{EAFC732D-BCC1-4EBC-AB0D-0EBCD1315F24}.Release|Any CPU.Build.0 = Release|Any CPU
		{A65C5456-7057-4BCD-B050-79E8478E1C88}.Debug|Any CPU.ActiveCfg = Debug|Any CPU
		{A65C5456-7057-4BCD-B050-79E8478E1C88}.Debug|Any CPU.Build.0 = Debug|Any CPU
		{A65C5456-7057-4BCD-B050-79E8478E1C88}.Release|Any CPU.ActiveCfg = Release|Any CPU
		{A65C5456-7057-4BCD-B050-79E8478E1C88}.Release|Any CPU.Build.0 = Release|Any CPU
		{9D990346-DB03-4CBA-ACFF-9EFF3E493ECF}.Debug|Any CPU.ActiveCfg = Debug|Any CPU
		{9D990346-DB03-4CBA-ACFF-9EFF3E493ECF}.Debug|Any CPU.Build.0 = Debug|Any CPU
		{9D990346-DB03-4CBA-ACFF-9EFF3E493ECF}.Release|Any CPU.ActiveCfg = Release|Any CPU
		{9D990346-DB03-4CBA-ACFF-9EFF3E493ECF}.Release|Any CPU.Build.0 = Release|Any CPU
		{8E24EE36-9F0B-4380-BE8D-AF8456D57A01}.Debug|Any CPU.ActiveCfg = Debug|Any CPU
		{8E24EE36-9F0B-4380-BE8D-AF8456D57A01}.Debug|Any CPU.Build.0 = Debug|Any CPU
		{8E24EE36-9F0B-4380-BE8D-AF8456D57A01}.Release|Any CPU.ActiveCfg = Release|Any CPU
		{8E24EE36-9F0B-4380-BE8D-AF8456D57A01}.Release|Any CPU.Build.0 = Release|Any CPU
		{683088D7-6402-4A11-A6BF-01D2D5A56C9B}.Debug|Any CPU.ActiveCfg = Debug|Any CPU
		{683088D7-6402-4A11-A6BF-01D2D5A56C9B}.Debug|Any CPU.Build.0 = Debug|Any CPU
		{683088D7-6402-4A11-A6BF-01D2D5A56C9B}.Release|Any CPU.ActiveCfg = Release|Any CPU
		{683088D7-6402-4A11-A6BF-01D2D5A56C9B}.Release|Any CPU.Build.0 = Release|Any CPU
	EndGlobalSection
	GlobalSection(SolutionProperties) = preSolution
		HideSolutionNode = FALSE
	EndGlobalSection
	GlobalSection(NestedProjects) = preSolution
		{AED55572-D511-4AA6-BF32-EDB99896605D} = {3D10A2DB-E588-486A-8FFD-DB099E894784}
		{26C5D9F4-11DF-4C9D-B05E-460F1E1A4BD7} = {3D10A2DB-E588-486A-8FFD-DB099E894784}
		{31A85A98-AE77-4C76-8361-7F1310AC18AD} = {3D10A2DB-E588-486A-8FFD-DB099E894784}
		{D598373B-8D22-434C-90EF-05DB2C4EAA0B} = {3D10A2DB-E588-486A-8FFD-DB099E894784}
		{90ED5A10-8B37-4EFE-96D3-26ED797FE064} = {AED55572-D511-4AA6-BF32-EDB99896605D}
		{A9E0354F-10DD-4F65-AA5D-93A4B2AE09CB} = {AED55572-D511-4AA6-BF32-EDB99896605D}
		{742C1322-FEAD-4482-907A-3A43665B28BC} = {AED55572-D511-4AA6-BF32-EDB99896605D}
		{4A1830A5-B3DC-4A62-BC6B-D65EA192305F} = {26C5D9F4-11DF-4C9D-B05E-460F1E1A4BD7}
		{3F4F5C2F-D4A0-4D6E-9F71-E5425040F65D} = {D598373B-8D22-434C-90EF-05DB2C4EAA0B}
		{B33FD298-6FC8-4A80-A325-86BC1D3D9D9D} = {D598373B-8D22-434C-90EF-05DB2C4EAA0B}
		{32EEB6DD-1514-4DE2-81EB-C24B19A88611} = {D598373B-8D22-434C-90EF-05DB2C4EAA0B}
		{DCDB9F8C-3887-4103-8129-5330712B9AF7} = {31A85A98-AE77-4C76-8361-7F1310AC18AD}
		{EAFC732D-BCC1-4EBC-AB0D-0EBCD1315F24} = {4A1830A5-B3DC-4A62-BC6B-D65EA192305F}
		{A65C5456-7057-4BCD-B050-79E8478E1C88} = {90ED5A10-8B37-4EFE-96D3-26ED797FE064}
		{9D990346-DB03-4CBA-ACFF-9EFF3E493ECF} = {90ED5A10-8B37-4EFE-96D3-26ED797FE064}
		{8E24EE36-9F0B-4380-BE8D-AF8456D57A01} = {A9E0354F-10DD-4F65-AA5D-93A4B2AE09CB}
		{683088D7-6402-4A11-A6BF-01D2D5A56C9B} = {742C1322-FEAD-4482-907A-3A43665B28BC}
	EndGlobalSection
	GlobalSection(ExtensibilityGlobals) = postSolution
		SolutionGuid = {81F6AFC3-8334-424E-81B3-27B224D12F5D}
	EndGlobalSection
EndGlobal
